
Microsoft Visual Studio Solution File, Format Version 12.00
# Visual Studio 15
VisualStudioVersion = 15.0.26430.6
MinimumVisualStudioVersion = 10.0.40219.1
Project("{FAE04EC0-301F-11D3-BF4B-00C04F79EFBC}") = "TicTacToe", "TicTacToe\TicTacToe.csproj", "{DE3C72D7-3AD0-4FDD-B0A2-11D3C589F8A9}"
EndProject
Global
	GlobalSection(SolutionConfigurationPlatforms) = preSolution
		Debug|Any CPU = Debug|Any CPU
		Release|Any CPU = Release|Any CPU
	EndGlobalSection
	GlobalSection(ProjectConfigurationPlatforms) = postSolution
		{DE3C72D7-3AD0-4FDD-B0A2-11D3C589F8A9}.Debug|Any CPU.ActiveCfg = Debug|Any CPU
		{DE3C72D7-3AD0-4FDD-B0A2-11D3C589F8A9}.Debug|Any CPU.Build.0 = Debug|Any CPU
		{DE3C72D7-3AD0-4FDD-B0A2-11D3C589F8A9}.Release|Any CPU.ActiveCfg = Release|Any CPU
		{DE3C72D7-3AD0-4FDD-B0A2-11D3C589F8A9}.Release|Any CPU.Build.0 = Release|Any CPU
	EndGlobalSection
	GlobalSection(SolutionProperties) = preSolution
		HideSolutionNode = FALSE
	EndGlobalSection
EndGlobal
